
Microsoft Visual Studio Solution File, Format Version 12.00
# Visual Studio Version 17
VisualStudioVersion = 17.14.36310.24 d17.14
MinimumVisualStudioVersion = 10.0.40219.1
Project("{FAE04EC0-301F-11D3-BF4B-00C04F79EFBC}") = "CarlozInventoryV2", "CarlozInventoryV2.csproj", "{758142DF-C745-456F-84FB-8CDFE3C57876}"
EndProject
Global
	GlobalSection(SolutionConfigurationPlatforms) = preSolution
		Debug|Any CPU = Debug|Any CPU
		Release|Any CPU = Release|Any CPU
	EndGlobalSection
	GlobalSection(ProjectConfigurationPlatforms) = postSolution
		{758142DF-C745-456F-84FB-8CDFE3C57876}.Debug|Any CPU.ActiveCfg = Debug|Any CPU
		{758142DF-C745-456F-84FB-8CDFE3C57876}.Debug|Any CPU.Build.0 = Debug|Any CPU
		{758142DF-C745-456F-84FB-8CDFE3C57876}.Release|Any CPU.ActiveCfg = Release|Any CPU
		{758142DF-C745-456F-84FB-8CDFE3C57876}.Release|Any CPU.Build.0 = Release|Any CPU
	EndGlobalSection
	GlobalSection(SolutionProperties) = preSolution
		HideSolutionNode = FALSE
	EndGlobalSection
	GlobalSection(ExtensibilityGlobals) = postSolution
		SolutionGuid = {B649C549-C3DD-4085-9AD4-A97C5FFF7D96}
	EndGlobalSection
EndGlobal
